
Microsoft Visual Studio Solution File, Format Version 12.00
# Visual Studio Version 16
VisualStudioVersion = 16.0.29306.81
MinimumVisualStudioVersion = 10.0.40219.1
Project("{FAE04EC0-301F-11D3-BF4B-00C04F79EFBC}") = "HRQueensAttackII", "HRQueensAttackII\HRQueensAttackII.csproj", "{A5088930-EE2B-49CC-9992-50450D1AED1C}"
EndProject
Global
	GlobalSection(SolutionConfigurationPlatforms) = preSolution
		Debug|Any CPU = Debug|Any CPU
		Release|Any CPU = Release|Any CPU
	EndGlobalSection
	GlobalSection(ProjectConfigurationPlatforms) = postSolution
		{A5088930-EE2B-49CC-9992-50450D1AED1C}.Debug|Any CPU.ActiveCfg = Debug|Any CPU
		{A5088930-EE2B-49CC-9992-50450D1AED1C}.Debug|Any CPU.Build.0 = Debug|Any CPU
		{A5088930-EE2B-49CC-9992-50450D1AED1C}.Release|Any CPU.ActiveCfg = Release|Any CPU
		{A5088930-EE2B-49CC-9992-50450D1AED1C}.Release|Any CPU.Build.0 = Release|Any CPU
	EndGlobalSection
	GlobalSection(SolutionProperties) = preSolution
		HideSolutionNode = FALSE
	EndGlobalSection
	GlobalSection(ExtensibilityGlobals) = postSolution
		SolutionGuid = {F6EDBC65-44EF-4990-B0B9-68DFBB4276BB}
	EndGlobalSection
EndGlobal
